// !$*UTF8*$!
{
	archiveVersion = 1;
	classes = {
	};
	objectVersion = 46;
	objects = {

/* Begin PBXBuildFile section */
		52C6D0AC1B53371A00F69406 /* AccountService.m in Sources */ = {isa = PBXBuildFile; fileRef = 52C6D0AB1B53371A00F69406 /* AccountService.m */; };
		52C6D0AF1B533E8F00F69406 /* UIViewController+Vazoom.m in Sources */ = {isa = PBXBuildFile; fileRef = 52C6D0AE1B533E8F00F69406 /* UIViewController+Vazoom.m */; };
		52D6EE3D1B51C059006AAB21 /* main.m in Sources */ = {isa = PBXBuildFile; fileRef = 52D6EE3C1B51C059006AAB21 /* main.m */; };
		52D6EE401B51C059006AAB21 /* AppDelegate.m in Sources */ = {isa = PBXBuildFile; fileRef = 52D6EE3F1B51C059006AAB21 /* AppDelegate.m */; };
		52D6EE481B51C059006AAB21 /* Images.xcassets in Resources */ = {isa = PBXBuildFile; fileRef = 52D6EE471B51C059006AAB21 /* Images.xcassets */; };
		52D6EE4B1B51C059006AAB21 /* LaunchScreen.xib in Resources */ = {isa = PBXBuildFile; fileRef = 52D6EE491B51C059006AAB21 /* LaunchScreen.xib */; };
		52D6EE571B51C05A006AAB21 /* VazoomTests.m in Sources */ = {isa = PBXBuildFile; fileRef = 52D6EE561B51C05A006AAB21 /* VazoomTests.m */; };
		52D6EE631B51C38E006AAB21 /* CoreLocation.framework in Frameworks */ = {isa = PBXBuildFile; fileRef = 52D6EE621B51C38E006AAB21 /* CoreLocation.framework */; };
		52D6EE641B51C3A2006AAB21 /* MapKit.framework in Frameworks */ = {isa = PBXBuildFile; fileRef = 52D6EE601B51C381006AAB21 /* MapKit.framework */; };
		52D6EE691B51C694006AAB21 /* LocationService.m in Sources */ = {isa = PBXBuildFile; fileRef = 52D6EE661B51C694006AAB21 /* LocationService.m */; };
		52D6EE6A1B51C694006AAB21 /* Constants.m in Sources */ = {isa = PBXBuildFile; fileRef = 52D6EE681B51C694006AAB21 /* Constants.m */; };
		52D6EE711B51C6BD006AAB21 /* VZParking.m in Sources */ = {isa = PBXBuildFile; fileRef = 52D6EE6C1B51C6BD006AAB21 /* VZParking.m */; };
		52D6EE721B51C6BD006AAB21 /* ParkingAddress.m in Sources */ = {isa = PBXBuildFile; fileRef = 52D6EE6E1B51C6BD006AAB21 /* ParkingAddress.m */; };
		52D6EE731B51C6BD006AAB21 /* ParkingSchedule.m in Sources */ = {isa = PBXBuildFile; fileRef = 52D6EE701B51C6BD006AAB21 /* ParkingSchedule.m */; };
		52D6EE7A1B51C727006AAB21 /* Main.storyboard in Resources */ = {isa = PBXBuildFile; fileRef = 52D6EE791B51C727006AAB21 /* Main.storyboard */; };
		52D6EE811B51C73E006AAB21 /* MainNavigationController.m in Sources */ = {isa = PBXBuildFile; fileRef = 52D6EE7C1B51C73E006AAB21 /* MainNavigationController.m */; };
		52D6EE821B51C73E006AAB21 /* MainViewController.m in Sources */ = {isa = PBXBuildFile; fileRef = 52D6EE7E1B51C73E006AAB21 /* MainViewController.m */; };
		52D6EE831B51C73E006AAB21 /* CustomTransitioning.m in Sources */ = {isa = PBXBuildFile; fileRef = 52D6EE801B51C73E006AAB21 /* CustomTransitioning.m */; };
		52D6EE8D1B51C760006AAB21 /* MapViewController.m in Sources */ = {isa = PBXBuildFile; fileRef = 52D6EE861B51C760006AAB21 /* MapViewController.m */; };
		52D6EE8E1B51C760006AAB21 /* VZMapAnnotation.m in Sources */ = {isa = PBXBuildFile; fileRef = 52D6EE881B51C760006AAB21 /* VZMapAnnotation.m */; };
		52D6EE8F1B51C760006AAB21 /* ValetParkingLocationCell.m in Sources */ = {isa = PBXBuildFile; fileRef = 52D6EE8A1B51C760006AAB21 /* ValetParkingLocationCell.m */; };
		52D6EE901B51C760006AAB21 /* LocationSearchResultTableViewController.m in Sources */ = {isa = PBXBuildFile; fileRef = 52D6EE8C1B51C760006AAB21 /* LocationSearchResultTableViewController.m */; };
		52D6EE941B51C776006AAB21 /* ReservationDialogViewController.m in Sources */ = {isa = PBXBuildFile; fileRef = 52D6EE931B51C776006AAB21 /* ReservationDialogViewController.m */; };
		52D6EE9C1B51C7A7006AAB21 /* PickMyCarVieController.m in Sources */ = {isa = PBXBuildFile; fileRef = 52D6EE971B51C7A7006AAB21 /* PickMyCarVieController.m */; };
		52D6EE9D1B51C7A7006AAB21 /* AddCreditCardViewController.m in Sources */ = {isa = PBXBuildFile; fileRef = 52D6EE991B51C7A7006AAB21 /* AddCreditCardViewController.m */; };
		52D6EE9E1B51C7A7006AAB21 /* CounDownViewController.m in Sources */ = {isa = PBXBuildFile; fileRef = 52D6EE9B1B51C7A7006AAB21 /* CounDownViewController.m */; };
		52D6EEA41B51C7C0006AAB21 /* MenuViewController.m in Sources */ = {isa = PBXBuildFile; fileRef = 52D6EEA11B51C7C0006AAB21 /* MenuViewController.m */; };
		52D6EEA51B51C7C0006AAB21 /* MenuCell.m in Sources */ = {isa = PBXBuildFile; fileRef = 52D6EEA31B51C7C0006AAB21 /* MenuCell.m */; };
		52D6EEA91B51C7D2006AAB21 /* ReservationViewController.m in Sources */ = {isa = PBXBuildFile; fileRef = 52D6EEA81B51C7D2006AAB21 /* ReservationViewController.m */; };
		52D6EEAD1B51C801006AAB21 /* PaymentMethodViewController.m in Sources */ = {isa = PBXBuildFile; fileRef = 52D6EEAC1B51C801006AAB21 /* PaymentMethodViewController.m */; };
		52D6EEB31B51C816006AAB21 /* AccountViewController.m in Sources */ = {isa = PBXBuildFile; fileRef = 52D6EEB01B51C816006AAB21 /* AccountViewController.m */; };
		52D6EEB41B51C816006AAB21 /* SignUpViewController.m in Sources */ = {isa = PBXBuildFile; fileRef = 52D6EEB21B51C816006AAB21 /* SignUpViewController.m */; };
		52D6EEB81B51C842006AAB21 /* PromotionViewController.m in Sources */ = {isa = PBXBuildFile; fileRef = 52D6EEB71B51C842006AAB21 /* PromotionViewController.m */; };
		52D6EEBC1B51C855006AAB21 /* ShareViewController.m in Sources */ = {isa = PBXBuildFile; fileRef = 52D6EEBB1B51C855006AAB21 /* ShareViewController.m */; };
		52D6EEC01B51C866006AAB21 /* HelpViewController.m in Sources */ = {isa = PBXBuildFile; fileRef = 52D6EEBF1B51C866006AAB21 /* HelpViewController.m */; };
		52F12BE91B52C37000BB40B7 /* LoginViewController.m in Sources */ = {isa = PBXBuildFile; fileRef = 52F12BE81B52C37000BB40B7 /* LoginViewController.m */; };
		52F23AF21B57E9BC00298020 /* VehicleTableViewCell.m in Sources */ = {isa = PBXBuildFile; fileRef = 52F23AF11B57E9BC00298020 /* VehicleTableViewCell.m */; };
		52F23AF51B57EDCB00298020 /* AddVehicleViewController.m in Sources */ = {isa = PBXBuildFile; fileRef = 52F23AF41B57EDCB00298020 /* AddVehicleViewController.m */; };
		52F9BA681B54AEC00055E29C /* VehicleViewController.m in Sources */ = {isa = PBXBuildFile; fileRef = 52F9BA671B54AEC00055E29C /* VehicleViewController.m */; };
		52F9BA6D1B55F31C0055E29C /* Vehicle.m in Sources */ = {isa = PBXBuildFile; fileRef = 52F9BA6C1B55F31C0055E29C /* Vehicle.m */; };
		CA414E2D635041906E082D6C /* libPods-Vazoom.a in Frameworks */ = {isa = PBXBuildFile; fileRef = CE7FD0F6231A03999CE7EB71 /* libPods-Vazoom.a */; };
/* End PBXBuildFile section */

/* Begin PBXContainerItemProxy section */
		52D6EE511B51C05A006AAB21 /* PBXContainerItemProxy */ = {
			isa = PBXContainerItemProxy;
			containerPortal = 52D6EE2F1B51C059006AAB21 /* Project object */;
			proxyType = 1;
			remoteGlobalIDString = 52D6EE361B51C059006AAB21;
			remoteInfo = Vazoom;
		};
/* End PBXContainerItemProxy section */

/* Begin PBXFileReference section */
		52C6D0AA1B53371A00F69406 /* AccountService.h */ = {isa = PBXFileReference; fileEncoding = 4; lastKnownFileType = sourcecode.c.h; path = AccountService.h; sourceTree = "<group>"; };
		52C6D0AB1B53371A00F69406 /* AccountService.m */ = {isa = PBXFileReference; fileEncoding = 4; lastKnownFileType = sourcecode.c.objc; path = AccountService.m; sourceTree = "<group>"; };
		52C6D0AD1B533E8F00F69406 /* UIViewController+Vazoom.h */ = {isa = PBXFileReference; fileEncoding = 4; lastKnownFileType = sourcecode.c.h; path = "UIViewController+Vazoom.h"; sourceTree = "<group>"; };
		52C6D0AE1B533E8F00F69406 /* UIViewController+Vazoom.m */ = {isa = PBXFileReference; fileEncoding = 4; lastKnownFileType = sourcecode.c.objc; path = "UIViewController+Vazoom.m"; sourceTree = "<group>"; };
		52D6EE371B51C059006AAB21 /* Vazoom.app */ = {isa = PBXFileReference; explicitFileType = wrapper.application; includeInIndex = 0; path = Vazoom.app; sourceTree = BUILT_PRODUCTS_DIR; };
		52D6EE3B1B51C059006AAB21 /* Info.plist */ = {isa = PBXFileReference; lastKnownFileType = text.plist.xml; path = Info.plist; sourceTree = "<group>"; };
		52D6EE3C1B51C059006AAB21 /* main.m */ = {isa = PBXFileReference; lastKnownFileType = sourcecode.c.objc; path = main.m; sourceTree = "<group>"; };
		52D6EE3E1B51C059006AAB21 /* AppDelegate.h */ = {isa = PBXFileReference; lastKnownFileType = sourcecode.c.h; path = AppDelegate.h; sourceTree = "<group>"; };
		52D6EE3F1B51C059006AAB21 /* AppDelegate.m */ = {isa = PBXFileReference; lastKnownFileType = sourcecode.c.objc; path = AppDelegate.m; sourceTree = "<group>"; };
		52D6EE471B51C059006AAB21 /* Images.xcassets */ = {isa = PBXFileReference; lastKnownFileType = folder.assetcatalog; path = Images.xcassets; sourceTree = "<group>"; };
		52D6EE4A1B51C059006AAB21 /* Base */ = {isa = PBXFileReference; lastKnownFileType = file.xib; name = Base; path = Base.lproj/LaunchScreen.xib; sourceTree = "<group>"; };
		52D6EE501B51C05A006AAB21 /* VazoomTests.xctest */ = {isa = PBXFileReference; explicitFileType = wrapper.cfbundle; includeInIndex = 0; path = VazoomTests.xctest; sourceTree = BUILT_PRODUCTS_DIR; };
		52D6EE551B51C05A006AAB21 /* Info.plist */ = {isa = PBXFileReference; lastKnownFileType = text.plist.xml; path = Info.plist; sourceTree = "<group>"; };
		52D6EE561B51C05A006AAB21 /* VazoomTests.m */ = {isa = PBXFileReference; lastKnownFileType = sourcecode.c.objc; path = VazoomTests.m; sourceTree = "<group>"; };
		52D6EE601B51C381006AAB21 /* MapKit.framework */ = {isa = PBXFileReference; lastKnownFileType = wrapper.framework; name = MapKit.framework; path = System/Library/Frameworks/MapKit.framework; sourceTree = SDKROOT; };
		52D6EE621B51C38E006AAB21 /* CoreLocation.framework */ = {isa = PBXFileReference; lastKnownFileType = wrapper.framework; name = CoreLocation.framework; path = System/Library/Frameworks/CoreLocation.framework; sourceTree = SDKROOT; };
		52D6EE651B51C694006AAB21 /* LocationService.h */ = {isa = PBXFileReference; fileEncoding = 4; lastKnownFileType = sourcecode.c.h; path = LocationService.h; sourceTree = "<group>"; };
		52D6EE661B51C694006AAB21 /* LocationService.m */ = {isa = PBXFileReference; fileEncoding = 4; lastKnownFileType = sourcecode.c.objc; path = LocationService.m; sourceTree = "<group>"; };
		52D6EE671B51C694006AAB21 /* Constants.h */ = {isa = PBXFileReference; fileEncoding = 4; lastKnownFileType = sourcecode.c.h; path = Constants.h; sourceTree = "<group>"; };
		52D6EE681B51C694006AAB21 /* Constants.m */ = {isa = PBXFileReference; fileEncoding = 4; lastKnownFileType = sourcecode.c.objc; path = Constants.m; sourceTree = "<group>"; };
		52D6EE6B1B51C6BD006AAB21 /* VZParking.h */ = {isa = PBXFileReference; fileEncoding = 4; lastKnownFileType = sourcecode.c.h; path = VZParking.h; sourceTree = "<group>"; };
		52D6EE6C1B51C6BD006AAB21 /* VZParking.m */ = {isa = PBXFileReference; fileEncoding = 4; lastKnownFileType = sourcecode.c.objc; path = VZParking.m; sourceTree = "<group>"; };
		52D6EE6D1B51C6BD006AAB21 /* ParkingAddress.h */ = {isa = PBXFileReference; fileEncoding = 4; lastKnownFileType = sourcecode.c.h; path = ParkingAddress.h; sourceTree = "<group>"; };
		52D6EE6E1B51C6BD006AAB21 /* ParkingAddress.m */ = {isa = PBXFileReference; fileEncoding = 4; lastKnownFileType = sourcecode.c.objc; path = ParkingAddress.m; sourceTree = "<group>"; };
		52D6EE6F1B51C6BD006AAB21 /* ParkingSchedule.h */ = {isa = PBXFileReference; fileEncoding = 4; lastKnownFileType = sourcecode.c.h; path = ParkingSchedule.h; sourceTree = "<group>"; };
		52D6EE701B51C6BD006AAB21 /* ParkingSchedule.m */ = {isa = PBXFileReference; fileEncoding = 4; lastKnownFileType = sourcecode.c.objc; path = ParkingSchedule.m; sourceTree = "<group>"; };
		52D6EE791B51C727006AAB21 /* Main.storyboard */ = {isa = PBXFileReference; fileEncoding = 4; lastKnownFileType = file.storyboard; path = Main.storyboard; sourceTree = "<group>"; };
		52D6EE7B1B51C73E006AAB21 /* MainNavigationController.h */ = {isa = PBXFileReference; fileEncoding = 4; lastKnownFileType = sourcecode.c.h; path = MainNavigationController.h; sourceTree = "<group>"; };
		52D6EE7C1B51C73E006AAB21 /* MainNavigationController.m */ = {isa = PBXFileReference; fileEncoding = 4; lastKnownFileType = sourcecode.c.objc; path = MainNavigationController.m; sourceTree = "<group>"; };
		52D6EE7D1B51C73E006AAB21 /* MainViewController.h */ = {isa = PBXFileReference; fileEncoding = 4; lastKnownFileType = sourcecode.c.h; path = MainViewController.h; sourceTree = "<group>"; };
		52D6EE7E1B51C73E006AAB21 /* MainViewController.m */ = {isa = PBXFileReference; fileEncoding = 4; lastKnownFileType = sourcecode.c.objc; path = MainViewController.m; sourceTree = "<group>"; };
		52D6EE7F1B51C73E006AAB21 /* CustomTransitioning.h */ = {isa = PBXFileReference; fileEncoding = 4; lastKnownFileType = sourcecode.c.h; path = CustomTransitioning.h; sourceTree = "<group>"; };
		52D6EE801B51C73E006AAB21 /* CustomTransitioning.m */ = {isa = PBXFileReference; fileEncoding = 4; lastKnownFileType = sourcecode.c.objc; path = CustomTransitioning.m; sourceTree = "<group>"; };
		52D6EE851B51C760006AAB21 /* MapViewController.h */ = {isa = PBXFileReference; fileEncoding = 4; lastKnownFileType = sourcecode.c.h; path = MapViewController.h; sourceTree = "<group>"; };
		52D6EE861B51C760006AAB21 /* MapViewController.m */ = {isa = PBXFileReference; fileEncoding = 4; lastKnownFileType = sourcecode.c.objc; path = MapViewController.m; sourceTree = "<group>"; };
		52D6EE871B51C760006AAB21 /* VZMapAnnotation.h */ = {isa = PBXFileReference; fileEncoding = 4; lastKnownFileType = sourcecode.c.h; path = VZMapAnnotation.h; sourceTree = "<group>"; };
		52D6EE881B51C760006AAB21 /* VZMapAnnotation.m */ = {isa = PBXFileReference; fileEncoding = 4; lastKnownFileType = sourcecode.c.objc; path = VZMapAnnotation.m; sourceTree = "<group>"; };
		52D6EE891B51C760006AAB21 /* ValetParkingLocationCell.h */ = {isa = PBXFileReference; fileEncoding = 4; lastKnownFileType = sourcecode.c.h; path = ValetParkingLocationCell.h; sourceTree = "<group>"; };
		52D6EE8A1B51C760006AAB21 /* ValetParkingLocationCell.m */ = {isa = PBXFileReference; fileEncoding = 4; lastKnownFileType = sourcecode.c.objc; path = ValetParkingLocationCell.m; sourceTree = "<group>"; };
		52D6EE8B1B51C760006AAB21 /* LocationSearchResultTableViewController.h */ = {isa = PBXFileReference; fileEncoding = 4; lastKnownFileType = sourcecode.c.h; path = LocationSearchResultTableViewController.h; sourceTree = "<group>"; };
		52D6EE8C1B51C760006AAB21 /* LocationSearchResultTableViewController.m */ = {isa = PBXFileReference; fileEncoding = 4; lastKnownFileType = sourcecode.c.objc; path = LocationSearchResultTableViewController.m; sourceTree = "<group>"; };
		52D6EE921B51C776006AAB21 /* ReservationDialogViewController.h */ = {isa = PBXFileReference; fileEncoding = 4; lastKnownFileType = sourcecode.c.h; path = ReservationDialogViewController.h; sourceTree = "<group>"; };
		52D6EE931B51C776006AAB21 /* ReservationDialogViewController.m */ = {isa = PBXFileReference; fileEncoding = 4; lastKnownFileType = sourcecode.c.objc; path = ReservationDialogViewController.m; sourceTree = "<group>"; };
		52D6EE961B51C7A7006AAB21 /* PickMyCarViewController.h */ = {isa = PBXFileReference; fileEncoding = 4; lastKnownFileType = sourcecode.c.h; path = PickMyCarViewController.h; sourceTree = "<group>"; };
		52D6EE971B51C7A7006AAB21 /* PickMyCarVieController.m */ = {isa = PBXFileReference; fileEncoding = 4; lastKnownFileType = sourcecode.c.objc; path = PickMyCarVieController.m; sourceTree = "<group>"; };
		52D6EE981B51C7A7006AAB21 /* AddCreditCardViewController.h */ = {isa = PBXFileReference; fileEncoding = 4; lastKnownFileType = sourcecode.c.h; path = AddCreditCardViewController.h; sourceTree = "<group>"; };
		52D6EE991B51C7A7006AAB21 /* AddCreditCardViewController.m */ = {isa = PBXFileReference; fileEncoding = 4; lastKnownFileType = sourcecode.c.objc; path = AddCreditCardViewController.m; sourceTree = "<group>"; };
		52D6EE9A1B51C7A7006AAB21 /* CounDownViewController.h */ = {isa = PBXFileReference; fileEncoding = 4; lastKnownFileType = sourcecode.c.h; path = CounDownViewController.h; sourceTree = "<group>"; };
		52D6EE9B1B51C7A7006AAB21 /* CounDownViewController.m */ = {isa = PBXFileReference; fileEncoding = 4; lastKnownFileType = sourcecode.c.objc; path = CounDownViewController.m; sourceTree = "<group>"; };
		52D6EEA01B51C7C0006AAB21 /* MenuViewController.h */ = {isa = PBXFileReference; fileEncoding = 4; lastKnownFileType = sourcecode.c.h; path = MenuViewController.h; sourceTree = "<group>"; };
		52D6EEA11B51C7C0006AAB21 /* MenuViewController.m */ = {isa = PBXFileReference; fileEncoding = 4; lastKnownFileType = sourcecode.c.objc; path = MenuViewController.m; sourceTree = "<group>"; };
		52D6EEA21B51C7C0006AAB21 /* MenuCell.h */ = {isa = PBXFileReference; fileEncoding = 4; lastKnownFileType = sourcecode.c.h; path = MenuCell.h; sourceTree = "<group>"; };
		52D6EEA31B51C7C0006AAB21 /* MenuCell.m */ = {isa = PBXFileReference; fileEncoding = 4; lastKnownFileType = sourcecode.c.objc; path = MenuCell.m; sourceTree = "<group>"; };
		52D6EEA71B51C7D2006AAB21 /* ReservationViewController.h */ = {isa = PBXFileReference; fileEncoding = 4; lastKnownFileType = sourcecode.c.h; path = ReservationViewController.h; sourceTree = "<group>"; };
		52D6EEA81B51C7D2006AAB21 /* ReservationViewController.m */ = {isa = PBXFileReference; fileEncoding = 4; lastKnownFileType = sourcecode.c.objc; path = ReservationViewController.m; sourceTree = "<group>"; };
		52D6EEAB1B51C801006AAB21 /* PaymentMethodViewController.h */ = {isa = PBXFileReference; fileEncoding = 4; lastKnownFileType = sourcecode.c.h; path = PaymentMethodViewController.h; sourceTree = "<group>"; };
		52D6EEAC1B51C801006AAB21 /* PaymentMethodViewController.m */ = {isa = PBXFileReference; fileEncoding = 4; lastKnownFileType = sourcecode.c.objc; path = PaymentMethodViewController.m; sourceTree = "<group>"; };
		52D6EEAF1B51C816006AAB21 /* AccountViewController.h */ = {isa = PBXFileReference; fileEncoding = 4; lastKnownFileType = sourcecode.c.h; path = AccountViewController.h; sourceTree = "<group>"; };
		52D6EEB01B51C816006AAB21 /* AccountViewController.m */ = {isa = PBXFileReference; fileEncoding = 4; lastKnownFileType = sourcecode.c.objc; path = AccountViewController.m; sourceTree = "<group>"; };
		52D6EEB11B51C816006AAB21 /* SignUpViewController.h */ = {isa = PBXFileReference; fileEncoding = 4; lastKnownFileType = sourcecode.c.h; path = SignUpViewController.h; sourceTree = "<group>"; };
		52D6EEB21B51C816006AAB21 /* SignUpViewController.m */ = {isa = PBXFileReference; fileEncoding = 4; lastKnownFileType = sourcecode.c.objc; path = SignUpViewController.m; sourceTree = "<group>"; };
		52D6EEB61B51C842006AAB21 /* PromotionViewController.h */ = {isa = PBXFileReference; fileEncoding = 4; lastKnownFileType = sourcecode.c.h; path = PromotionViewController.h; sourceTree = "<group>"; };
		52D6EEB71B51C842006AAB21 /* PromotionViewController.m */ = {isa = PBXFileReference; fileEncoding = 4; lastKnownFileType = sourcecode.c.objc; path = PromotionViewController.m; sourceTree = "<group>"; };
		52D6EEBA1B51C855006AAB21 /* ShareViewController.h */ = {isa = PBXFileReference; fileEncoding = 4; lastKnownFileType = sourcecode.c.h; path = ShareViewController.h; sourceTree = "<group>"; };
		52D6EEBB1B51C855006AAB21 /* ShareViewController.m */ = {isa = PBXFileReference; fileEncoding = 4; lastKnownFileType = sourcecode.c.objc; path = ShareViewController.m; sourceTree = "<group>"; };
		52D6EEBE1B51C866006AAB21 /* HelpViewController.h */ = {isa = PBXFileReference; fileEncoding = 4; lastKnownFileType = sourcecode.c.h; path = HelpViewController.h; sourceTree = "<group>"; };
		52D6EEBF1B51C866006AAB21 /* HelpViewController.m */ = {isa = PBXFileReference; fileEncoding = 4; lastKnownFileType = sourcecode.c.objc; path = HelpViewController.m; sourceTree = "<group>"; };
		52F12BE71B52C37000BB40B7 /* LoginViewController.h */ = {isa = PBXFileReference; fileEncoding = 4; lastKnownFileType = sourcecode.c.h; path = LoginViewController.h; sourceTree = "<group>"; };
		52F12BE81B52C37000BB40B7 /* LoginViewController.m */ = {isa = PBXFileReference; fileEncoding = 4; lastKnownFileType = sourcecode.c.objc; path = LoginViewController.m; sourceTree = "<group>"; };
		52F23AF01B57E9BC00298020 /* VehicleTableViewCell.h */ = {isa = PBXFileReference; fileEncoding = 4; lastKnownFileType = sourcecode.c.h; path = VehicleTableViewCell.h; sourceTree = "<group>"; };
		52F23AF11B57E9BC00298020 /* VehicleTableViewCell.m */ = {isa = PBXFileReference; fileEncoding = 4; lastKnownFileType = sourcecode.c.objc; path = VehicleTableViewCell.m; sourceTree = "<group>"; };
		52F23AF31B57EDCB00298020 /* AddVehicleViewController.h */ = {isa = PBXFileReference; fileEncoding = 4; lastKnownFileType = sourcecode.c.h; path = AddVehicleViewController.h; sourceTree = "<group>"; };
		52F23AF41B57EDCB00298020 /* AddVehicleViewController.m */ = {isa = PBXFileReference; fileEncoding = 4; lastKnownFileType = sourcecode.c.objc; path = AddVehicleViewController.m; sourceTree = "<group>"; };
		52F9BA661B54AEC00055E29C /* VehicleViewController.h */ = {isa = PBXFileReference; fileEncoding = 4; lastKnownFileType = sourcecode.c.h; path = VehicleViewController.h; sourceTree = "<group>"; };
		52F9BA671B54AEC00055E29C /* VehicleViewController.m */ = {isa = PBXFileReference; fileEncoding = 4; lastKnownFileType = sourcecode.c.objc; path = VehicleViewController.m; sourceTree = "<group>"; };
		52F9BA6B1B55F31C0055E29C /* Vehicle.h */ = {isa = PBXFileReference; fileEncoding = 4; lastKnownFileType = sourcecode.c.h; path = Vehicle.h; sourceTree = "<group>"; };
		52F9BA6C1B55F31C0055E29C /* Vehicle.m */ = {isa = PBXFileReference; fileEncoding = 4; lastKnownFileType = sourcecode.c.objc; path = Vehicle.m; sourceTree = "<group>"; };
		CE7FD0F6231A03999CE7EB71 /* libPods-Vazoom.a */ = {isa = PBXFileReference; explicitFileType = archive.ar; includeInIndex = 0; path = "libPods-Vazoom.a"; sourceTree = BUILT_PRODUCTS_DIR; };
		D35288EC10175132C0FA54D7 /* Pods-Vazoom.release.xcconfig */ = {isa = PBXFileReference; includeInIndex = 1; lastKnownFileType = text.xcconfig; name = "Pods-Vazoom.release.xcconfig"; path = "Pods/Target Support Files/Pods-Vazoom/Pods-Vazoom.release.xcconfig"; sourceTree = "<group>"; };
		E07E8B26B29654B090048FBE /* Pods-Vazoom.debug.xcconfig */ = {isa = PBXFileReference; includeInIndex = 1; lastKnownFileType = text.xcconfig; name = "Pods-Vazoom.debug.xcconfig"; path = "Pods/Target Support Files/Pods-Vazoom/Pods-Vazoom.debug.xcconfig"; sourceTree = "<group>"; };
/* End PBXFileReference section */

/* Begin PBXFrameworksBuildPhase section */
		52D6EE341B51C059006AAB21 /* Frameworks */ = {
			isa = PBXFrameworksBuildPhase;
			buildActionMask = 2147483647;
			files = (
				52D6EE631B51C38E006AAB21 /* CoreLocation.framework in Frameworks */,
				52D6EE641B51C3A2006AAB21 /* MapKit.framework in Frameworks */,
				CA414E2D635041906E082D6C /* libPods-Vazoom.a in Frameworks */,
			);
			runOnlyForDeploymentPostprocessing = 0;
		};
		52D6EE4D1B51C05A006AAB21 /* Frameworks */ = {
			isa = PBXFrameworksBuildPhase;
			buildActionMask = 2147483647;
			files = (
			);
			runOnlyForDeploymentPostprocessing = 0;
		};
/* End PBXFrameworksBuildPhase section */

/* Begin PBXGroup section */
		39172E9E59E5ECF5E0F1AF39 /* Frameworks */ = {
			isa = PBXGroup;
			children = (
				52D6EE621B51C38E006AAB21 /* CoreLocation.framework */,
				52D6EE601B51C381006AAB21 /* MapKit.framework */,
				CE7FD0F6231A03999CE7EB71 /* libPods-Vazoom.a */,
			);
			name = Frameworks;
			sourceTree = "<group>";
		};
		412386BC94C29746E3E122FA /* Pods */ = {
			isa = PBXGroup;
			children = (
				E07E8B26B29654B090048FBE /* Pods-Vazoom.debug.xcconfig */,
				D35288EC10175132C0FA54D7 /* Pods-Vazoom.release.xcconfig */,
			);
			name = Pods;
			sourceTree = "<group>";
		};
		52D6EE2E1B51C059006AAB21 = {
			isa = PBXGroup;
			children = (
				52D6EE391B51C059006AAB21 /* Vazoom */,
				52D6EE531B51C05A006AAB21 /* VazoomTests */,
				52D6EE381B51C059006AAB21 /* Products */,
				412386BC94C29746E3E122FA /* Pods */,
				39172E9E59E5ECF5E0F1AF39 /* Frameworks */,
			);
			sourceTree = "<group>";
		};
		52D6EE381B51C059006AAB21 /* Products */ = {
			isa = PBXGroup;
			children = (
				52D6EE371B51C059006AAB21 /* Vazoom.app */,
				52D6EE501B51C05A006AAB21 /* VazoomTests.xctest */,
			);
			name = Products;
			sourceTree = "<group>";
		};
		52D6EE391B51C059006AAB21 /* Vazoom */ = {
			isa = PBXGroup;
			children = (
				52D6EE3E1B51C059006AAB21 /* AppDelegate.h */,
				52D6EE3F1B51C059006AAB21 /* AppDelegate.m */,
				52D6EE751B51C6D6006AAB21 /* model */,
				52D6EE761B51C6E6006AAB21 /* service */,
				52D6EE771B51C6EE006AAB21 /* utils */,
				52D6EE781B51C706006AAB21 /* view */,
				52D6EE471B51C059006AAB21 /* Images.xcassets */,
				52D6EE491B51C059006AAB21 /* LaunchScreen.xib */,
				52D6EE3A1B51C059006AAB21 /* Supporting Files */,
			);
			path = Vazoom;
			sourceTree = "<group>";
		};
		52D6EE3A1B51C059006AAB21 /* Supporting Files */ = {
			isa = PBXGroup;
			children = (
				52D6EE3B1B51C059006AAB21 /* Info.plist */,
				52D6EE3C1B51C059006AAB21 /* main.m */,
			);
			name = "Supporting Files";
			sourceTree = "<group>";
		};
		52D6EE531B51C05A006AAB21 /* VazoomTests */ = {
			isa = PBXGroup;
			children = (
				52D6EE561B51C05A006AAB21 /* VazoomTests.m */,
				52D6EE541B51C05A006AAB21 /* Supporting Files */,
			);
			path = VazoomTests;
			sourceTree = "<group>";
		};
		52D6EE541B51C05A006AAB21 /* Supporting Files */ = {
			isa = PBXGroup;
			children = (
				52D6EE551B51C05A006AAB21 /* Info.plist */,
			);
			name = "Supporting Files";
			sourceTree = "<group>";
		};
		52D6EE751B51C6D6006AAB21 /* model */ = {
			isa = PBXGroup;
			children = (
				52D6EE6B1B51C6BD006AAB21 /* VZParking.h */,
				52D6EE6C1B51C6BD006AAB21 /* VZParking.m */,
				52D6EE6D1B51C6BD006AAB21 /* ParkingAddress.h */,
				52D6EE6E1B51C6BD006AAB21 /* ParkingAddress.m */,
				52D6EE6F1B51C6BD006AAB21 /* ParkingSchedule.h */,
				52D6EE701B51C6BD006AAB21 /* ParkingSchedule.m */,
				52F9BA6B1B55F31C0055E29C /* Vehicle.h */,
				52F9BA6C1B55F31C0055E29C /* Vehicle.m */,
			);
			name = model;
			sourceTree = "<group>";
		};
		52D6EE761B51C6E6006AAB21 /* service */ = {
			isa = PBXGroup;
			children = (
				52D6EE651B51C694006AAB21 /* LocationService.h */,
				52D6EE661B51C694006AAB21 /* LocationService.m */,
				52C6D0AA1B53371A00F69406 /* AccountService.h */,
				52C6D0AB1B53371A00F69406 /* AccountService.m */,
			);
			name = service;
			sourceTree = "<group>";
		};
		52D6EE771B51C6EE006AAB21 /* utils */ = {
			isa = PBXGroup;
			children = (
				52D6EE671B51C694006AAB21 /* Constants.h */,
				52D6EE681B51C694006AAB21 /* Constants.m */,
				52C6D0AD1B533E8F00F69406 /* UIViewController+Vazoom.h */,
				52C6D0AE1B533E8F00F69406 /* UIViewController+Vazoom.m */,
			);
			name = utils;
			sourceTree = "<group>";
		};
		52D6EE781B51C706006AAB21 /* view */ = {
			isa = PBXGroup;
			children = (
				52D6EE791B51C727006AAB21 /* Main.storyboard */,
				52D6EE841B51C748006AAB21 /* main */,
				52D6EE911B51C767006AAB21 /* map */,
				52D6EE951B51C77C006AAB21 /* reservation dialog */,
				52D6EE9F1B51C7AE006AAB21 /* pick my car */,
				52F9BA6A1B54AED10055E29C /* vehicle */,
				52D6EEA61B51C7C5006AAB21 /* menu */,
				52D6EEAA1B51C7D6006AAB21 /* reservation */,
				52D6EEAE1B51C806006AAB21 /* payment */,
				52D6EEB51B51C81B006AAB21 /* account */,
				52D6EEB91B51C846006AAB21 /* promotion */,
				52D6EEBD1B51C85A006AAB21 /* share */,
				52D6EEC11B51C86A006AAB21 /* help */,
			);
			name = view;
			sourceTree = "<group>";
		};
		52D6EE841B51C748006AAB21 /* main */ = {
			isa = PBXGroup;
			children = (
				52D6EE7B1B51C73E006AAB21 /* MainNavigationController.h */,
				52D6EE7C1B51C73E006AAB21 /* MainNavigationController.m */,
				52D6EE7D1B51C73E006AAB21 /* MainViewController.h */,
				52D6EE7E1B51C73E006AAB21 /* MainViewController.m */,
				52D6EE7F1B51C73E006AAB21 /* CustomTransitioning.h */,
				52D6EE801B51C73E006AAB21 /* CustomTransitioning.m */,
			);
			name = main;
			sourceTree = "<group>";
		};
		52D6EE911B51C767006AAB21 /* map */ = {
			isa = PBXGroup;
			children = (
				52D6EE851B51C760006AAB21 /* MapViewController.h */,
				52D6EE861B51C760006AAB21 /* MapViewController.m */,
				52D6EE871B51C760006AAB21 /* VZMapAnnotation.h */,
				52D6EE881B51C760006AAB21 /* VZMapAnnotation.m */,
				52D6EE891B51C760006AAB21 /* ValetParkingLocationCell.h */,
				52D6EE8A1B51C760006AAB21 /* ValetParkingLocationCell.m */,
				52D6EE8B1B51C760006AAB21 /* LocationSearchResultTableViewController.h */,
				52D6EE8C1B51C760006AAB21 /* LocationSearchResultTableViewController.m */,
			);
			name = map;
			sourceTree = "<group>";
		};
		52D6EE951B51C77C006AAB21 /* reservation dialog */ = {
			isa = PBXGroup;
			children = (
				52D6EE921B51C776006AAB21 /* ReservationDialogViewController.h */,
				52D6EE931B51C776006AAB21 /* ReservationDialogViewController.m */,
			);
			name = "reservation dialog";
			sourceTree = "<group>";
		};
		52D6EE9F1B51C7AE006AAB21 /* pick my car */ = {
			isa = PBXGroup;
			children = (
				52D6EE961B51C7A7006AAB21 /* PickMyCarViewController.h */,
				52D6EE971B51C7A7006AAB21 /* PickMyCarVieController.m */,
				52D6EE981B51C7A7006AAB21 /* AddCreditCardViewController.h */,
				52D6EE991B51C7A7006AAB21 /* AddCreditCardViewController.m */,
				52D6EE9A1B51C7A7006AAB21 /* CounDownViewController.h */,
				52D6EE9B1B51C7A7006AAB21 /* CounDownViewController.m */,
			);
			name = "pick my car";
			sourceTree = "<group>";
		};
		52D6EEA61B51C7C5006AAB21 /* menu */ = {
			isa = PBXGroup;
			children = (
				52D6EEA01B51C7C0006AAB21 /* MenuViewController.h */,
				52D6EEA11B51C7C0006AAB21 /* MenuViewController.m */,
				52D6EEA21B51C7C0006AAB21 /* MenuCell.h */,
				52D6EEA31B51C7C0006AAB21 /* MenuCell.m */,
			);
			name = menu;
			sourceTree = "<group>";
		};
		52D6EEAA1B51C7D6006AAB21 /* reservation */ = {
			isa = PBXGroup;
			children = (
				52D6EEA71B51C7D2006AAB21 /* ReservationViewController.h */,
				52D6EEA81B51C7D2006AAB21 /* ReservationViewController.m */,
			);
			name = reservation;
			sourceTree = "<group>";
		};
		52D6EEAE1B51C806006AAB21 /* payment */ = {
			isa = PBXGroup;
			children = (
				52D6EEAB1B51C801006AAB21 /* PaymentMethodViewController.h */,
				52D6EEAC1B51C801006AAB21 /* PaymentMethodViewController.m */,
			);
			name = payment;
			sourceTree = "<group>";
		};
		52D6EEB51B51C81B006AAB21 /* account */ = {
			isa = PBXGroup;
			children = (
				52D6EEAF1B51C816006AAB21 /* AccountViewController.h */,
				52D6EEB01B51C816006AAB21 /* AccountViewController.m */,
				52F12BE71B52C37000BB40B7 /* LoginViewController.h */,
				52F12BE81B52C37000BB40B7 /* LoginViewController.m */,
				52D6EEB11B51C816006AAB21 /* SignUpViewController.h */,
				52D6EEB21B51C816006AAB21 /* SignUpViewController.m */,
			);
			name = account;
			sourceTree = "<group>";
		};
		52D6EEB91B51C846006AAB21 /* promotion */ = {
			isa = PBXGroup;
			children = (
				52D6EEB61B51C842006AAB21 /* PromotionViewController.h */,
				52D6EEB71B51C842006AAB21 /* PromotionViewController.m */,
			);
			name = promotion;
			sourceTree = "<group>";
		};
		52D6EEBD1B51C85A006AAB21 /* share */ = {
			isa = PBXGroup;
			children = (
				52D6EEBA1B51C855006AAB21 /* ShareViewController.h */,
				52D6EEBB1B51C855006AAB21 /* ShareViewController.m */,
			);
			name = share;
			sourceTree = "<group>";
		};
		52D6EEC11B51C86A006AAB21 /* help */ = {
			isa = PBXGroup;
			children = (
				52D6EEBE1B51C866006AAB21 /* HelpViewController.h */,
				52D6EEBF1B51C866006AAB21 /* HelpViewController.m */,
			);
			name = help;
			sourceTree = "<group>";
		};
		52F9BA6A1B54AED10055E29C /* vehicle */ = {
			isa = PBXGroup;
			children = (
				52F9BA661B54AEC00055E29C /* VehicleViewController.h */,
				52F9BA671B54AEC00055E29C /* VehicleViewController.m */,
				52F23AF01B57E9BC00298020 /* VehicleTableViewCell.h */,
				52F23AF11B57E9BC00298020 /* VehicleTableViewCell.m */,
				52F23AF31B57EDCB00298020 /* AddVehicleViewController.h */,
				52F23AF41B57EDCB00298020 /* AddVehicleViewController.m */,
			);
			name = vehicle;
			sourceTree = "<group>";
		};
/* End PBXGroup section */

/* Begin PBXNativeTarget section */
		52D6EE361B51C059006AAB21 /* Vazoom */ = {
			isa = PBXNativeTarget;
			buildConfigurationList = 52D6EE5A1B51C05A006AAB21 /* Build configuration list for PBXNativeTarget "Vazoom" */;
			buildPhases = (
				7BBBF883C59C5AC39E62ED1D /* Check Pods Manifest.lock */,
				52D6EE331B51C059006AAB21 /* Sources */,
				52D6EE341B51C059006AAB21 /* Frameworks */,
				52D6EE351B51C059006AAB21 /* Resources */,
				06B887EC7CBBADA419C112AA /* Copy Pods Resources */,
			);
			buildRules = (
			);
			dependencies = (
			);
			name = Vazoom;
			productName = Vazoom;
			productReference = 52D6EE371B51C059006AAB21 /* Vazoom.app */;
			productType = "com.apple.product-type.application";
		};
		52D6EE4F1B51C05A006AAB21 /* VazoomTests */ = {
			isa = PBXNativeTarget;
			buildConfigurationList = 52D6EE5D1B51C05A006AAB21 /* Build configuration list for PBXNativeTarget "VazoomTests" */;
			buildPhases = (
				52D6EE4C1B51C05A006AAB21 /* Sources */,
				52D6EE4D1B51C05A006AAB21 /* Frameworks */,
				52D6EE4E1B51C05A006AAB21 /* Resources */,
			);
			buildRules = (
			);
			dependencies = (
				52D6EE521B51C05A006AAB21 /* PBXTargetDependency */,
			);
			name = VazoomTests;
			productName = VazoomTests;
			productReference = 52D6EE501B51C05A006AAB21 /* VazoomTests.xctest */;
			productType = "com.apple.product-type.bundle.unit-test";
		};
/* End PBXNativeTarget section */

/* Begin PBXProject section */
		52D6EE2F1B51C059006AAB21 /* Project object */ = {
			isa = PBXProject;
			attributes = {
				LastUpgradeCheck = 0630;
				ORGANIZATIONNAME = Vazoom;
				TargetAttributes = {
					52D6EE361B51C059006AAB21 = {
						CreatedOnToolsVersion = 6.3.2;
						SystemCapabilities = {
							com.apple.Maps.iOS = {
								enabled = 1;
							};
						};
					};
					52D6EE4F1B51C05A006AAB21 = {
						CreatedOnToolsVersion = 6.3.2;
						TestTargetID = 52D6EE361B51C059006AAB21;
					};
				};
			};
			buildConfigurationList = 52D6EE321B51C059006AAB21 /* Build configuration list for PBXProject "Vazoom" */;
			compatibilityVersion = "Xcode 3.2";
			developmentRegion = English;
			hasScannedForEncodings = 0;
			knownRegions = (
				en,
				Base,
			);
			mainGroup = 52D6EE2E1B51C059006AAB21;
			productRefGroup = 52D6EE381B51C059006AAB21 /* Products */;
			projectDirPath = "";
			projectRoot = "";
			targets = (
				52D6EE361B51C059006AAB21 /* Vazoom */,
				52D6EE4F1B51C05A006AAB21 /* VazoomTests */,
			);
		};
/* End PBXProject section */

/* Begin PBXResourcesBuildPhase section */
		52D6EE351B51C059006AAB21 /* Resources */ = {
			isa = PBXResourcesBuildPhase;
			buildActionMask = 2147483647;
			files = (
				52D6EE7A1B51C727006AAB21 /* Main.storyboard in Resources */,
				52D6EE4B1B51C059006AAB21 /* LaunchScreen.xib in Resources */,
				52D6EE481B51C059006AAB21 /* Images.xcassets in Resources */,
			);
			runOnlyForDeploymentPostprocessing = 0;
		};
		52D6EE4E1B51C05A006AAB21 /* Resources */ = {
			isa = PBXResourcesBuildPhase;
			buildActionMask = 2147483647;
			files = (
			);
			runOnlyForDeploymentPostprocessing = 0;
		};
/* End PBXResourcesBuildPhase section */

/* Begin PBXShellScriptBuildPhase section */
		06B887EC7CBBADA419C112AA /* Copy Pods Resources */ = {
			isa = PBXShellScriptBuildPhase;
			buildActionMask = 2147483647;
			files = (
			);
			inputPaths = (
			);
			name = "Copy Pods Resources";
			outputPaths = (
			);
			runOnlyForDeploymentPostprocessing = 0;
			shellPath = /bin/sh;
			shellScript = "\"${SRCROOT}/Pods/Target Support Files/Pods-Vazoom/Pods-Vazoom-resources.sh\"\n";
			showEnvVarsInLog = 0;
		};
		7BBBF883C59C5AC39E62ED1D /* Check Pods Manifest.lock */ = {
			isa = PBXShellScriptBuildPhase;
			buildActionMask = 2147483647;
			files = (
			);
			inputPaths = (
			);
			name = "Check Pods Manifest.lock";
			outputPaths = (
			);
			runOnlyForDeploymentPostprocessing = 0;
			shellPath = /bin/sh;
			shellScript = "diff \"${PODS_ROOT}/../Podfile.lock\" \"${PODS_ROOT}/Manifest.lock\" > /dev/null\nif [[ $? != 0 ]] ; then\n    cat << EOM\nerror: The sandbox is not in sync with the Podfile.lock. Run 'pod install' or update your CocoaPods installation.\nEOM\n    exit 1\nfi\n";
			showEnvVarsInLog = 0;
		};
/* End PBXShellScriptBuildPhase section */

/* Begin PBXSourcesBuildPhase section */
		52D6EE331B51C059006AAB21 /* Sources */ = {
			isa = PBXSourcesBuildPhase;
			buildActionMask = 2147483647;
			files = (
				52D6EE831B51C73E006AAB21 /* CustomTransitioning.m in Sources */,
				52D6EE711B51C6BD006AAB21 /* VZParking.m in Sources */,
				52D6EE731B51C6BD006AAB21 /* ParkingSchedule.m in Sources */,
				52D6EEB31B51C816006AAB21 /* AccountViewController.m in Sources */,
				52F12BE91B52C37000BB40B7 /* LoginViewController.m in Sources */,
				52D6EE721B51C6BD006AAB21 /* ParkingAddress.m in Sources */,
				52D6EEAD1B51C801006AAB21 /* PaymentMethodViewController.m in Sources */,
				52F9BA681B54AEC00055E29C /* VehicleViewController.m in Sources */,
				52D6EEB81B51C842006AAB21 /* PromotionViewController.m in Sources */,
				52D6EEA41B51C7C0006AAB21 /* MenuViewController.m in Sources */,
				52D6EE401B51C059006AAB21 /* AppDelegate.m in Sources */,
				52D6EE9E1B51C7A7006AAB21 /* CounDownViewController.m in Sources */,
				52D6EEBC1B51C855006AAB21 /* ShareViewController.m in Sources */,
				52D6EE821B51C73E006AAB21 /* MainViewController.m in Sources */,
				52D6EE9D1B51C7A7006AAB21 /* AddCreditCardViewController.m in Sources */,
				52C6D0AF1B533E8F00F69406 /* UIViewController+Vazoom.m in Sources */,
				52D6EE691B51C694006AAB21 /* LocationService.m in Sources */,
				52D6EEA91B51C7D2006AAB21 /* ReservationViewController.m in Sources */,
				52D6EE3D1B51C059006AAB21 /* main.m in Sources */,
				52D6EEC01B51C866006AAB21 /* HelpViewController.m in Sources */,
				52C6D0AC1B53371A00F69406 /* AccountService.m in Sources */,
				52D6EEB41B51C816006AAB21 /* SignUpViewController.m in Sources */,
				52D6EE941B51C776006AAB21 /* ReservationDialogViewController.m in Sources */,
				52D6EE811B51C73E006AAB21 /* MainNavigationController.m in Sources */,
				52F9BA6D1B55F31C0055E29C /* Vehicle.m in Sources */,
				52D6EE8E1B51C760006AAB21 /* VZMapAnnotation.m in Sources */,
				52F23AF21B57E9BC00298020 /* VehicleTableViewCell.m in Sources */,
				52D6EEA51B51C7C0006AAB21 /* MenuCell.m in Sources */,
				52D6EE8F1B51C760006AAB21 /* ValetParkingLocationCell.m in Sources */,
				52F23AF51B57EDCB00298020 /* AddVehicleViewController.m in Sources */,
				52D6EE901B51C760006AAB21 /* LocationSearchResultTableViewController.m in Sources */,
				52D6EE6A1B51C694006AAB21 /* Constants.m in Sources */,
				52D6EE9C1B51C7A7006AAB21 /* PickMyCarVieController.m in Sources */,
				52D6EE8D1B51C760006AAB21 /* MapViewController.m in Sources */,
			);
			runOnlyForDeploymentPostprocessing = 0;
		};
		52D6EE4C1B51C05A006AAB21 /* Sources */ = {
			isa = PBXSourcesBuildPhase;
			buildActionMask = 2147483647;
			files = (
				52D6EE571B51C05A006AAB21 /* VazoomTests.m in Sources */,
			);
			runOnlyForDeploymentPostprocessing = 0;
		};
/* End PBXSourcesBuildPhase section */

/* Begin PBXTargetDependency section */
		52D6EE521B51C05A006AAB21 /* PBXTargetDependency */ = {
			isa = PBXTargetDependency;
			target = 52D6EE361B51C059006AAB21 /* Vazoom */;
			targetProxy = 52D6EE511B51C05A006AAB21 /* PBXContainerItemProxy */;
		};
/* End PBXTargetDependency section */

/* Begin PBXVariantGroup section */
		52D6EE491B51C059006AAB21 /* LaunchScreen.xib */ = {
			isa = PBXVariantGroup;
			children = (
				52D6EE4A1B51C059006AAB21 /* Base */,
			);
			name = LaunchScreen.xib;
			sourceTree = "<group>";
		};
/* End PBXVariantGroup section */

/* Begin XCBuildConfiguration section */
		52D6EE581B51C05A006AAB21 /* Debug */ = {
			isa = XCBuildConfiguration;
			buildSettings = {
				ALWAYS_SEARCH_USER_PATHS = NO;
				CLANG_CXX_LANGUAGE_STANDARD = "gnu++0x";
				CLANG_CXX_LIBRARY = "libc++";
				CLANG_ENABLE_MODULES = YES;
				CLANG_ENABLE_OBJC_ARC = YES;
				CLANG_WARN_BOOL_CONVERSION = YES;
				CLANG_WARN_CONSTANT_CONVERSION = YES;
				CLANG_WARN_DIRECT_OBJC_ISA_USAGE = YES_ERROR;
				CLANG_WARN_EMPTY_BODY = YES;
				CLANG_WARN_ENUM_CONVERSION = YES;
				CLANG_WARN_INT_CONVERSION = YES;
				CLANG_WARN_OBJC_ROOT_CLASS = YES_ERROR;
				CLANG_WARN_UNREACHABLE_CODE = YES;
				CLANG_WARN__DUPLICATE_METHOD_MATCH = YES;
				"CODE_SIGN_IDENTITY[sdk=iphoneos*]" = "iPhone Developer";
				COPY_PHASE_STRIP = NO;
				DEBUG_INFORMATION_FORMAT = "dwarf-with-dsym";
				ENABLE_STRICT_OBJC_MSGSEND = YES;
				GCC_C_LANGUAGE_STANDARD = gnu99;
				GCC_DYNAMIC_NO_PIC = NO;
				GCC_NO_COMMON_BLOCKS = YES;
				GCC_OPTIMIZATION_LEVEL = 0;
				GCC_PREPROCESSOR_DEFINITIONS = (
					"DEBUG=1",
					"$(inherited)",
				);
				GCC_SYMBOLS_PRIVATE_EXTERN = NO;
				GCC_WARN_64_TO_32_BIT_CONVERSION = YES;
				GCC_WARN_ABOUT_RETURN_TYPE = YES_ERROR;
				GCC_WARN_UNDECLARED_SELECTOR = YES;
				GCC_WARN_UNINITIALIZED_AUTOS = YES_AGGRESSIVE;
				GCC_WARN_UNUSED_FUNCTION = YES;
				GCC_WARN_UNUSED_VARIABLE = YES;
				IPHONEOS_DEPLOYMENT_TARGET = 8.3;
				MTL_ENABLE_DEBUG_INFO = YES;
				ONLY_ACTIVE_ARCH = YES;
				SDKROOT = iphoneos;
			};
			name = Debug;
		};
		52D6EE591B51C05A006AAB21 /* Release */ = {
			isa = XCBuildConfiguration;
			buildSettings = {
				ALWAYS_SEARCH_USER_PATHS = NO;
				CLANG_CXX_LANGUAGE_STANDARD = "gnu++0x";
				CLANG_CXX_LIBRARY = "libc++";
				CLANG_ENABLE_MODULES = YES;
				CLANG_ENABLE_OBJC_ARC = YES;
				CLANG_WARN_BOOL_CONVERSION = YES;
				CLANG_WARN_CONSTANT_CONVERSION = YES;
				CLANG_WARN_DIRECT_OBJC_ISA_USAGE = YES_ERROR;
				CLANG_WARN_EMPTY_BODY = YES;
				CLANG_WARN_ENUM_CONVERSION = YES;
				CLANG_WARN_INT_CONVERSION = YES;
				CLANG_WARN_OBJC_ROOT_CLASS = YES_ERROR;
				CLANG_WARN_UNREACHABLE_CODE = YES;
				CLANG_WARN__DUPLICATE_METHOD_MATCH = YES;
				"CODE_SIGN_IDENTITY[sdk=iphoneos*]" = "iPhone Developer";
				COPY_PHASE_STRIP = NO;
				DEBUG_INFORMATION_FORMAT = "dwarf-with-dsym";
				ENABLE_NS_ASSERTIONS = NO;
				ENABLE_STRICT_OBJC_MSGSEND = YES;
				GCC_C_LANGUAGE_STANDARD = gnu99;
				GCC_NO_COMMON_BLOCKS = YES;
				GCC_WARN_64_TO_32_BIT_CONVERSION = YES;
				GCC_WARN_ABOUT_RETURN_TYPE = YES_ERROR;
				GCC_WARN_UNDECLARED_SELECTOR = YES;
				GCC_WARN_UNINITIALIZED_AUTOS = YES_AGGRESSIVE;
				GCC_WARN_UNUSED_FUNCTION = YES;
				GCC_WARN_UNUSED_VARIABLE = YES;
				IPHONEOS_DEPLOYMENT_TARGET = 8.3;
				MTL_ENABLE_DEBUG_INFO = NO;
				SDKROOT = iphoneos;
				VALIDATE_PRODUCT = YES;
			};
			name = Release;
		};
		52D6EE5B1B51C05A006AAB21 /* Debug */ = {
			isa = XCBuildConfiguration;
			baseConfigurationReference = E07E8B26B29654B090048FBE /* Pods-Vazoom.debug.xcconfig */;
			buildSettings = {
				ASSETCATALOG_COMPILER_APPICON_NAME = AppIcon;
				INFOPLIST_FILE = Vazoom/Info.plist;
				LD_RUNPATH_SEARCH_PATHS = "$(inherited) @executable_path/Frameworks";
				PRODUCT_NAME = "$(TARGET_NAME)";
			};
			name = Debug;
		};
		52D6EE5C1B51C05A006AAB21 /* Release */ = {
			isa = XCBuildConfiguration;
			baseConfigurationReference = D35288EC10175132C0FA54D7 /* Pods-Vazoom.release.xcconfig */;
			buildSettings = {
				ASSETCATALOG_COMPILER_APPICON_NAME = AppIcon;
				INFOPLIST_FILE = Vazoom/Info.plist;
				LD_RUNPATH_SEARCH_PATHS = "$(inherited) @executable_path/Frameworks";
				PRODUCT_NAME = "$(TARGET_NAME)";
			};
			name = Release;
		};
		52D6EE5E1B51C05A006AAB21 /* Debug */ = {
			isa = XCBuildConfiguration;
			buildSettings = {
				BUNDLE_LOADER = "$(TEST_HOST)";
				FRAMEWORK_SEARCH_PATHS = (
					"$(SDKROOT)/Developer/Library/Frameworks",
					"$(inherited)",
				);
				GCC_PREPROCESSOR_DEFINITIONS = (
					"DEBUG=1",
					"$(inherited)",
				);
				INFOPLIST_FILE = VazoomTests/Info.plist;
				LD_RUNPATH_SEARCH_PATHS = "$(inherited) @executable_path/Frameworks @loader_path/Frameworks";
				PRODUCT_NAME = "$(TARGET_NAME)";
				TEST_HOST = "$(BUILT_PRODUCTS_DIR)/Vazoom.app/Vazoom";
			};
			name = Debug;
		};
		52D6EE5F1B51C05A006AAB21 /* Release */ = {
			isa = XCBuildConfiguration;
			buildSettings = {
				BUNDLE_LOADER = "$(TEST_HOST)";
				FRAMEWORK_SEARCH_PATHS = (
					"$(SDKROOT)/Developer/Library/Frameworks",
					"$(inherited)",
				);
				INFOPLIST_FILE = VazoomTests/Info.plist;
				LD_RUNPATH_SEARCH_PATHS = "$(inherited) @executable_path/Frameworks @loader_path/Frameworks";
				PRODUCT_NAME = "$(TARGET_NAME)";
				TEST_HOST = "$(BUILT_PRODUCTS_DIR)/Vazoom.app/Vazoom";
			};
			name = Release;
		};
/* End XCBuildConfiguration section */

/* Begin XCConfigurationList section */
		52D6EE321B51C059006AAB21 /* Build configuration list for PBXProject "Vazoom" */ = {
			isa = XCConfigurationList;
			buildConfigurations = (
				52D6EE581B51C05A006AAB21 /* Debug */,
				52D6EE591B51C05A006AAB21 /* Release */,
			);
			defaultConfigurationIsVisible = 0;
			defaultConfigurationName = Release;
		};
		52D6EE5A1B51C05A006AAB21 /* Build configuration list for PBXNativeTarget "Vazoom" */ = {
			isa = XCConfigurationList;
			buildConfigurations = (
				52D6EE5B1B51C05A006AAB21 /* Debug */,
				52D6EE5C1B51C05A006AAB21 /* Release */,
			);
			defaultConfigurationIsVisible = 0;
			defaultConfigurationName = Release;
		};
		52D6EE5D1B51C05A006AAB21 /* Build configuration list for PBXNativeTarget "VazoomTests" */ = {
			isa = XCConfigurationList;
			buildConfigurations = (
				52D6EE5E1B51C05A006AAB21 /* Debug */,
				52D6EE5F1B51C05A006AAB21 /* Release */,
			);
			defaultConfigurationIsVisible = 0;
			defaultConfigurationName = Release;
		};
/* End XCConfigurationList section */
	};
	rootObject = 52D6EE2F1B51C059006AAB21 /* Project object */;
}
